
Microsoft Visual Studio Solution File, Format Version 12.00
# Visual Studio Version 17
VisualStudioVersion = 17.9.34622.214
MinimumVisualStudioVersion = 10.0.40219.1
Project("{FAE04EC0-301F-11D3-BF4B-00C04F79EFBC}") = "PDisester0030482323023", "PDisester0030482323023.csproj", "{B0A9A420-AA93-403D-B66F-50808821759B}"
EndProject
Global
	GlobalSection(SolutionConfigurationPlatforms) = preSolution
		Debug|Any CPU = Debug|Any CPU
		Release|Any CPU = Release|Any CPU
	EndGlobalSection
	GlobalSection(ProjectConfigurationPlatforms) = postSolution
		{B0A9A420-AA93-403D-B66F-50808821759B}.Debug|Any CPU.ActiveCfg = Debug|Any CPU
		{B0A9A420-AA93-403D-B66F-50808821759B}.Debug|Any CPU.Build.0 = Debug|Any CPU
		{B0A9A420-AA93-403D-B66F-50808821759B}.Release|Any CPU.ActiveCfg = Release|Any CPU
		{B0A9A420-AA93-403D-B66F-50808821759B}.Release|Any CPU.Build.0 = Release|Any CPU
	EndGlobalSection
	GlobalSection(SolutionProperties) = preSolution
		HideSolutionNode = FALSE
	EndGlobalSection
	GlobalSection(ExtensibilityGlobals) = postSolution
		SolutionGuid = {1628CEBA-4170-4B22-AA1E-890F2DF94423}
	EndGlobalSection
EndGlobal
